Microsoft Visual Studio Solution File, Format Version 12.00
# Visual Studio Version 17
VisualStudioVersion = 17.5.2.0
MinimumVisualStudioVersion = 10.0.40219.1
Project("{2150E333-8FDC-42A3-9474-1A3956D46DE8}") = "test", "test", "{0C88DD14-F956-CE84-757C-A364CCF449FC}"
EndProject
Project("{2150E333-8FDC-42A3-9474-1A3956D46DE8}") = "run", "run", "{8ACE1378-0731-F090-20CF-439E5E9AFE4A}"
EndProject
Project("{FAE04EC0-301F-11D3-BF4B-00C04F79EFBC}") = "csharp", "test\run\csharp\csharp.csproj", "{84220BDB-2FDC-DD31-728B-1C81C1B002E2}"
EndProject
Global
	GlobalSection(SolutionConfigurationPlatforms) = preSolution
		Debug|Any CPU = Debug|Any CPU
		Release|Any CPU = Release|Any CPU
	EndGlobalSection
	GlobalSection(ProjectConfigurationPlatforms) = postSolution
		{84220BDB-2FDC-DD31-728B-1C81C1B002E2}.Debug|Any CPU.ActiveCfg = Debug|Any CPU
		{84220BDB-2FDC-DD31-728B-1C81C1B002E2}.Debug|Any CPU.Build.0 = Debug|Any CPU
		{84220BDB-2FDC-DD31-728B-1C81C1B002E2}.Release|Any CPU.ActiveCfg = Release|Any CPU
		{84220BDB-2FDC-DD31-728B-1C81C1B002E2}.Release|Any CPU.Build.0 = Release|Any CPU
	EndGlobalSection
	GlobalSection(SolutionProperties) = preSolution
		HideSolutionNode = FALSE
	EndGlobalSection
	GlobalSection(NestedProjects) = preSolution
		{8ACE1378-0731-F090-20CF-439E5E9AFE4A} = {0C88DD14-F956-CE84-757C-A364CCF449FC}
		{84220BDB-2FDC-DD31-728B-1C81C1B002E2} = {8ACE1378-0731-F090-20CF-439E5E9AFE4A}
	EndGlobalSection
	GlobalSection(ExtensibilityGlobals) = postSolution
		SolutionGuid = {C913C326-6E37-4569-AB78-FAA7B7415130}
	EndGlobalSection
EndGlobal
